# THIS IS AN AUTOGENERATED FILE. DO NOT EDIT THIS FILE DIRECTLY.
# yarn lockfile v1


regexparam@^2.0.0:
  version "2.0.0"
  resolved "https://registry.yarnpkg.com/regexparam/-/regexparam-2.0.0.tgz#059476767d5f5f87f735fc7922d133fd1a118c8c"
  integrity sha512-gJKwd2MVPWHAIFLsaYDZfyKzHNS4o7E/v8YmNf44vmeV2e4YfVoDToTOKTvE7ab68cRJ++kLuEXJBaEeJVt5ow==

seedrandom@^3.0.5:
  version "3.0.5"
  resolved "https://registry.yarnpkg.com/seedrandom/-/seedrandom-3.0.5.tgz#54edc85c95222525b0c7a6f6b3543d8e0b3aa0a7"
  integrity sha512-8OwmbklUNzwezjGInmZ+2clQmExQPvomqjL7LFqOYqtmuxRgQYqOD3mHaU+MvZn5FLUeVxVfQjwLZW/n/JFuqg==

webpack-modules@^1.0.0:
  version "1.0.0"
  resolved "https://registry.yarnpkg.com/webpack-modules/-/webpack-modules-1.0.0.tgz#ef37bfbd770aed5c23684b5015ced93c2fd852e5"
  integrity sha512-2SvHR8a9jigRPxh8SoiVG4D4HBU1gZ0N6s8dk9WuTiyVm+ASCkeZSnKEKC3W0CdZqwZchYhaJQqxAEl/oMAklA==

worktop@^0.7.0:
  version "0.7.0"
  resolved "https://registry.yarnpkg.com/worktop/-/worktop-0.7.0.tgz#d88fd3dcc894715f656d3b80d24433652f455a55"
  integrity sha512-kLLov4ChDvC9OhSDHYX5kWEoo1zt3OZWykXkpmTHsfZ1axFfSRDeD/vZcEKLOngGRMFR7PuYaf4Q94fNFkMeIQ==
  dependencies:
    regexparam "^2.0.0"
